
Microsoft Visual Studio Solution File, Format Version 12.00
# Visual Studio Version 16
VisualStudioVersion = 16.0.30204.135
MinimumVisualStudioVersion = 10.0.40219.1
Project("{FAE04EC0-301F-11D3-BF4B-00C04F79EFBC}") = "Kakao Page Downloader", "Kakao Page Downloader.csproj", "{64A892B4-01C4-4367-AB9A-C43DBE8F9485}"
EndProject
Global
	GlobalSection(SolutionConfigurationPlatforms) = preSolution
		Debug|Any CPU = Debug|Any CPU
		Release|Any CPU = Release|Any CPU
	EndGlobalSection
	GlobalSection(ProjectConfigurationPlatforms) = postSolution
		{64A892B4-01C4-4367-AB9A-C43DBE8F9485}.Debug|Any CPU.ActiveCfg = Debug|Any CPU
		{64A892B4-01C4-4367-AB9A-C43DBE8F9485}.Debug|Any CPU.Build.0 = Debug|Any CPU
		{64A892B4-01C4-4367-AB9A-C43DBE8F9485}.Release|Any CPU.ActiveCfg = Release|Any CPU
		{64A892B4-01C4-4367-AB9A-C43DBE8F9485}.Release|Any CPU.Build.0 = Release|Any CPU
	EndGlobalSection
	GlobalSection(SolutionProperties) = preSolution
		HideSolutionNode = FALSE
	EndGlobalSection
	GlobalSection(ExtensibilityGlobals) = postSolution
		SolutionGuid = {68DAC6DE-4C6E-4A87-A4CA-2184FE120A09}
	EndGlobalSection
EndGlobal
